
Microsoft Visual Studio Solution File, Format Version 12.00
# Visual Studio Version 18
VisualStudioVersion = 18.3.11520.95 d18.3
MinimumVisualStudioVersion = 10.0.40219.1
Project("{FAE04EC0-301F-11D3-BF4B-00C04F79EFBC}") = "CustomerOrderTracker", "CustomerOrderTracker.csproj", "{E4C4CF81-FF7A-2494-A5AC-9A882B454CE3}"
EndProject
Global
	GlobalSection(SolutionConfigurationPlatforms) = preSolution
		Debug|Any CPU = Debug|Any CPU
		Release|Any CPU = Release|Any CPU
	EndGlobalSection
	GlobalSection(ProjectConfigurationPlatforms) = postSolution
		{E4C4CF81-FF7A-2494-A5AC-9A882B454CE3}.Debug|Any CPU.ActiveCfg = Debug|Any CPU
		{E4C4CF81-FF7A-2494-A5AC-9A882B454CE3}.Debug|Any CPU.Build.0 = Debug|Any CPU
		{E4C4CF81-FF7A-2494-A5AC-9A882B454CE3}.Release|Any CPU.ActiveCfg = Release|Any CPU
		{E4C4CF81-FF7A-2494-A5AC-9A882B454CE3}.Release|Any CPU.Build.0 = Release|Any CPU
	EndGlobalSection
	GlobalSection(SolutionProperties) = preSolution
		HideSolutionNode = FALSE
	EndGlobalSection
	GlobalSection(ExtensibilityGlobals) = postSolution
		SolutionGuid = {89C472B8-FF93-4502-8893-24C8406C5593}
	EndGlobalSection
EndGlobal
